
Microsoft Visual Studio Solution File, Format Version 12.00
# Visual Studio Version 16
VisualStudioVersion = 16.0.30114.105
MinimumVisualStudioVersion = 10.0.40219.1
Project("{FAE04EC0-301F-11D3-BF4B-00C04F79EFBC}") = "PageDisenDemo.Android", "PageDisenDemo\PageDisenDemo.Android\PageDisenDemo.Android.csproj", "{6C14B0BA-4568-4ECA-91FA-5C08702B45E0}"
EndProject
Project("{FAE04EC0-301F-11D3-BF4B-00C04F79EFBC}") = "PageDisenDemo.iOS", "PageDisenDemo\PageDisenDemo.iOS\PageDisenDemo.iOS.csproj", "{6DF555A2-B6DF-48C8-8A85-C1193BC05D02}"
EndProject
Project("{FAE04EC0-301F-11D3-BF4B-00C04F79EFBC}") = "PageDisenDemo", "PageDisenDemo\PageDisenDemo\PageDisenDemo.csproj", "{7B483C18-38BD-47E4-8120-A76200CE6059}"
EndProject
Global
	GlobalSection(SolutionConfigurationPlatforms) = preSolution
		Debug|Any CPU = Debug|Any CPU
		Debug|iPhone = Debug|iPhone
		Debug|iPhoneSimulator = Debug|iPhoneSimulator
		Release|Any CPU = Release|Any CPU
		Release|iPhone = Release|iPhone
		Release|iPhoneSimulator = Release|iPhoneSimulator
	EndGlobalSection
	GlobalSection(ProjectConfigurationPlatforms) = postSolution
		{6C14B0BA-4568-4ECA-91FA-5C08702B45E0}.Debug|Any CPU.ActiveCfg = Debug|Any CPU
		{6C14B0BA-4568-4ECA-91FA-5C08702B45E0}.Debug|Any CPU.Build.0 = Debug|Any CPU
		{6C14B0BA-4568-4ECA-91FA-5C08702B45E0}.Debug|Any CPU.Deploy.0 = Debug|Any CPU
		{6C14B0BA-4568-4ECA-91FA-5C08702B45E0}.Debug|iPhone.ActiveCfg = Debug|Any CPU
		{6C14B0BA-4568-4ECA-91FA-5C08702B45E0}.Debug|iPhone.Build.0 = Debug|Any CPU
		{6C14B0BA-4568-4ECA-91FA-5C08702B45E0}.Debug|iPhone.Deploy.0 = Debug|Any CPU
		{6C14B0BA-4568-4ECA-91FA-5C08702B45E0}.Debug|iPhoneSimulator.ActiveCfg = Debug|Any CPU
		{6C14B0BA-4568-4ECA-91FA-5C08702B45E0}.Debug|iPhoneSimulator.Build.0 = Debug|Any CPU
		{6C14B0BA-4568-4ECA-91FA-5C08702B45E0}.Debug|iPhoneSimulator.Deploy.0 = Debug|Any CPU
		{6C14B0BA-4568-4ECA-91FA-5C08702B45E0}.Release|Any CPU.ActiveCfg = Release|Any CPU
		{6C14B0BA-4568-4ECA-91FA-5C08702B45E0}.Release|Any CPU.Build.0 = Release|Any CPU
		{6C14B0BA-4568-4ECA-91FA-5C08702B45E0}.Release|Any CPU.Deploy.0 = Release|Any CPU
		{6C14B0BA-4568-4ECA-91FA-5C08702B45E0}.Release|iPhone.ActiveCfg = Release|Any CPU
		{6C14B0BA-4568-4ECA-91FA-5C08702B45E0}.Release|iPhone.Build.0 = Release|Any CPU
		{6C14B0BA-4568-4ECA-91FA-5C08702B45E0}.Release|iPhone.Deploy.0 = Release|Any CPU
		{6C14B0BA-4568-4ECA-91FA-5C08702B45E0}.Release|iPhoneSimulator.ActiveCfg = Release|Any CPU
		{6C14B0BA-4568-4ECA-91FA-5C08702B45E0}.Release|iPhoneSimulator.Build.0 = Release|Any CPU
		{6C14B0BA-4568-4ECA-91FA-5C08702B45E0}.Release|iPhoneSimulator.Deploy.0 = Release|Any CPU
		{6DF555A2-B6DF-48C8-8A85-C1193BC05D02}.Debug|Any CPU.ActiveCfg = Debug|iPhone
		{6DF555A2-B6DF-48C8-8A85-C1193BC05D02}.Debug|Any CPU.Build.0 = Debug|iPhone
		{6DF555A2-B6DF-48C8-8A85-C1193BC05D02}.Debug|Any CPU.Deploy.0 = Debug|iPhone
		{6DF555A2-B6DF-48C8-8A85-C1193BC05D02}.Debug|iPhone.ActiveCfg = Debug|iPhone
		{6DF555A2-B6DF-48C8-8A85-C1193BC05D02}.Debug|iPhone.Build.0 = Debug|iPhone
		{6DF555A2-B6DF-48C8-8A85-C1193BC05D02}.Debug|iPhone.Deploy.0 = Debug|iPhone
		{6DF555A2-B6DF-48C8-8A85-C1193BC05D02}.Debug|iPhoneSimulator.ActiveCfg = Debug|iPhoneSimulator
		{6DF555A2-B6DF-48C8-8A85-C1193BC05D02}.Debug|iPhoneSimulator.Build.0 = Debug|iPhoneSimulator
		{6DF555A2-B6DF-48C8-8A85-C1193BC05D02}.Debug|iPhoneSimulator.Deploy.0 = Debug|iPhoneSimulator
		{6DF555A2-B6DF-48C8-8A85-C1193BC05D02}.Release|Any CPU.ActiveCfg = Release|iPhone
		{6DF555A2-B6DF-48C8-8A85-C1193BC05D02}.Release|Any CPU.Build.0 = Release|iPhone
		{6DF555A2-B6DF-48C8-8A85-C1193BC05D02}.Release|Any CPU.Deploy.0 = Release|iPhone
		{6DF555A2-B6DF-48C8-8A85-C1193BC05D02}.Release|iPhone.ActiveCfg = Release|iPhone
		{6DF555A2-B6DF-48C8-8A85-C1193BC05D02}.Release|iPhone.Build.0 = Release|iPhone
		{6DF555A2-B6DF-48C8-8A85-C1193BC05D02}.Release|iPhone.Deploy.0 = Release|iPhone
		{6DF555A2-B6DF-48C8-8A85-C1193BC05D02}.Release|iPhoneSimulator.ActiveCfg = Release|iPhoneSimulator
		{6DF555A2-B6DF-48C8-8A85-C1193BC05D02}.Release|iPhoneSimulator.Build.0 = Release|iPhoneSimulator
		{6DF555A2-B6DF-48C8-8A85-C1193BC05D02}.Release|iPhoneSimulator.Deploy.0 = Release|iPhoneSimulator
		{7B483C18-38BD-47E4-8120-A76200CE6059}.Debug|Any CPU.ActiveCfg = Debug|Any CPU
		{7B483C18-38BD-47E4-8120-A76200CE6059}.Debug|Any CPU.Build.0 = Debug|Any CPU
		{7B483C18-38BD-47E4-8120-A76200CE6059}.Debug|Any CPU.Deploy.0 = Debug|Any CPU
		{7B483C18-38BD-47E4-8120-A76200CE6059}.Debug|iPhone.ActiveCfg = Debug|Any CPU
		{7B483C18-38BD-47E4-8120-A76200CE6059}.Debug|iPhone.Build.0 = Debug|Any CPU
		{7B483C18-38BD-47E4-8120-A76200CE6059}.Debug|iPhone.Deploy.0 = Debug|Any CPU
		{7B483C18-38BD-47E4-8120-A76200CE6059}.Debug|iPhoneSimulator.ActiveCfg = Debug|Any CPU
		{7B483C18-38BD-47E4-8120-A76200CE6059}.Debug|iPhoneSimulator.Build.0 = Debug|Any CPU
		{7B483C18-38BD-47E4-8120-A76200CE6059}.Debug|iPhoneSimulator.Deploy.0 = Debug|Any CPU
		{7B483C18-38BD-47E4-8120-A76200CE6059}.Release|Any CPU.ActiveCfg = Release|Any CPU
		{7B483C18-38BD-47E4-8120-A76200CE6059}.Release|Any CPU.Build.0 = Release|Any CPU
		{7B483C18-38BD-47E4-8120-A76200CE6059}.Release|Any CPU.Deploy.0 = Release|Any CPU
		{7B483C18-38BD-47E4-8120-A76200CE6059}.Release|iPhone.ActiveCfg = Release|Any CPU
		{7B483C18-38BD-47E4-8120-A76200CE6059}.Release|iPhone.Build.0 = Release|Any CPU
		{7B483C18-38BD-47E4-8120-A76200CE6059}.Release|iPhone.Deploy.0 = Release|Any CPU
		{7B483C18-38BD-47E4-8120-A76200CE6059}.Release|iPhoneSimulator.ActiveCfg = Release|Any CPU
		{7B483C18-38BD-47E4-8120-A76200CE6059}.Release|iPhoneSimulator.Build.0 = Release|Any CPU
		{7B483C18-38BD-47E4-8120-A76200CE6059}.Release|iPhoneSimulator.Deploy.0 = Release|Any CPU
	EndGlobalSection
	GlobalSection(SolutionProperties) = preSolution
		HideSolutionNode = FALSE
	EndGlobalSection
	GlobalSection(ExtensibilityGlobals) = postSolution
		SolutionGuid = {8BA228E4-E192-4780-BDE1-D590F16E2731}
	EndGlobalSection
EndGlobal
